
Microsoft Visual Studio Solution File, Format Version 12.00
Project("{FAE04EC0-301F-11D3-BF4B-00C04F79EFBC}") = "AoC2023", "AoC2023\AoC2023.csproj", "{3153C6F4-EBF9-4DC6-ABC7-9ACA8140F949}"
EndProject
Project("{FAE04EC0-301F-11D3-BF4B-00C04F79EFBC}") = "AoC.Support", "AoC.Support\AoC.Support.csproj", "{F06F40D7-E3C4-4472-83FE-6F3D2C901CCD}"
EndProject
Project("{FAE04EC0-301F-11D3-BF4B-00C04F79EFBC}") = "AoC.Support.Test", "AoC.Support.Test\AoC.Support.Test.csproj", "{425D1D96-8301-4764-8C84-6594CF440002}"
EndProject
Project("{FAE04EC0-301F-11D3-BF4B-00C04F79EFBC}") = "AoC.Scratchpad", "AoC.Scratchpad\AoC.Scratchpad.csproj", "{0CD7194C-9AF5-4E66-9FDB-7D8D052C959C}"
EndProject
Global
	GlobalSection(SolutionConfigurationPlatforms) = preSolution
		Debug|Any CPU = Debug|Any CPU
		Release|Any CPU = Release|Any CPU
	EndGlobalSection
	GlobalSection(ProjectConfigurationPlatforms) = postSolution
		{3153C6F4-EBF9-4DC6-ABC7-9ACA8140F949}.Release|Any CPU.ActiveCfg = Release|Any CPU
		{3153C6F4-EBF9-4DC6-ABC7-9ACA8140F949}.Release|Any CPU.Build.0 = Release|Any CPU
		{3153C6F4-EBF9-4DC6-ABC7-9ACA8140F949}.Debug|Any CPU.ActiveCfg = Release|Any CPU
		{3153C6F4-EBF9-4DC6-ABC7-9ACA8140F949}.Debug|Any CPU.Build.0 = Release|Any CPU
		{F06F40D7-E3C4-4472-83FE-6F3D2C901CCD}.Release|Any CPU.ActiveCfg = Release|Any CPU
		{F06F40D7-E3C4-4472-83FE-6F3D2C901CCD}.Release|Any CPU.Build.0 = Release|Any CPU
		{F06F40D7-E3C4-4472-83FE-6F3D2C901CCD}.Debug|Any CPU.ActiveCfg = Release|Any CPU
		{F06F40D7-E3C4-4472-83FE-6F3D2C901CCD}.Debug|Any CPU.Build.0 = Release|Any CPU
		{425D1D96-8301-4764-8C84-6594CF440002}.Debug|Any CPU.ActiveCfg = Debug|Any CPU
		{425D1D96-8301-4764-8C84-6594CF440002}.Debug|Any CPU.Build.0 = Debug|Any CPU
		{425D1D96-8301-4764-8C84-6594CF440002}.Release|Any CPU.ActiveCfg = Release|Any CPU
		{425D1D96-8301-4764-8C84-6594CF440002}.Release|Any CPU.Build.0 = Release|Any CPU
		{0CD7194C-9AF5-4E66-9FDB-7D8D052C959C}.Debug|Any CPU.ActiveCfg = Debug|Any CPU
		{0CD7194C-9AF5-4E66-9FDB-7D8D052C959C}.Debug|Any CPU.Build.0 = Debug|Any CPU
		{0CD7194C-9AF5-4E66-9FDB-7D8D052C959C}.Release|Any CPU.ActiveCfg = Release|Any CPU
		{0CD7194C-9AF5-4E66-9FDB-7D8D052C959C}.Release|Any CPU.Build.0 = Release|Any CPU
	EndGlobalSection
EndGlobal
